github.com/dooman87/glogi v0.0.0-20180107233622-68f3443d07f1 h1:8964d0cyQ6iO6+Ov0WEfOM9BBycPVb+pRXvfmOU1z7k=
github.com/dooman87/glogi v0.0.0-20180107233622-68f3443d07f1/go.mod h1:uWlPVNZ0PJcbKCdXMJL/MGta7m/H+wg0nzy6ZKYvEGw=
github.com/dooman87/kolibri v0.0.0-20170117194222-c194ff118b67 h1:5zx4LUSP0iPn0KL6ciINexzNAw4imx4Db7B+LHCIP3s=
github.com/dooman87/kolibri v0.0.0-20170117194222-c194ff118b67/go.mod h1:IGXOwI2+tWhVzcLeKONI0eXxxFVC4+A5ZFCup6fuQqE=
github.com/gorilla/mux v1.8.1 h1:TuBL49tXwgrFYWhqrNgrUNEY92u81SPhu7sTdzQEiWY=
github.com/gorilla/mux v1.8.1/go.mod h1:AKf9I4AEqPTmMytcMc0KkNouC66V3BtZ4qD5fmWSiMQ=
gopkg.in/gographics/imagick.v3 v3.5.1 h1:58JqK0UCx5RfvbRggF5FKuK6jHwAtTQopUxK8mzFa40=
gopkg.in/gographics/imagick.v3 v3.5.1/go.mod h1:+Q9nyA2xRZXrDyTtJ/eko+8V/5E7bWYs08ndkZp8UmA=
