# This file is autogenerated, do not edit; changes may be undone by the next 'dep ensure'.


[[projects]]
  branch = "master"
  digest = "1:290ce55aedf2c962c598be4b8b360d568a5aeb279a8ee9146ebb1d85a172779c"
  name = "github.com/dooman87/glogi"
  packages = ["."]
  pruneopts = ""
  revision = "1a9ee96f1380758dbde51903c16a018276559950"

[[projects]]
  branch = "master"
  digest = "1:772a968ef620a84e84e39bad6c01e67fc19d178d2fdf85b3e3a1956062836325"
  name = "github.com/dooman87/kolibri"
  packages = [
    "health",
    "test",
  ]
  pruneopts = ""
  revision = "c194ff118b679de1f8ace1a8104b243c14e9562b"

[[projects]]
  digest = "1:20ed7daa9b3b38b6d1d39b48ab3fd31122be5419461470d0c28de3e121c93ecf"
  name = "github.com/gorilla/context"
  packages = ["."]
  pruneopts = ""
  revision = "1ea25387ff6f684839d82767c1733ff4d4d15d0a"
  version = "v1.1"

[[projects]]
  digest = "1:76e5b6cf1594b74f516c5c1ab46ae57492d3e49e1bbf1bc771f8154c4cb2c356"
  name = "github.com/gorilla/mux"
  packages = ["."]
  pruneopts = ""
  revision = "392c28fe23e1c45ddba891b0320b3b5df220beea"
  version = "v1.3.0"

[solve-meta]
  analyzer-name = "dep"
  analyzer-version = 1
  input-imports = [
    "github.com/dooman87/glogi",
    "github.com/dooman87/kolibri/health",
    "github.com/dooman87/kolibri/test",
    "github.com/gorilla/mux",
  ]
  solver-name = "gps-cdcl"
  solver-version = 1
