# This file is autogenerated, do not edit; changes may be undone by the next 'dep ensure'.


[[projects]]
  branch = "master"
  name = "github.com/dooman87/glogi"
  packages = ["."]
  revision = "1a9ee96f1380758dbde51903c16a018276559950"

[[projects]]
  branch = "master"
  name = "github.com/dooman87/kolibri"
  packages = ["health","test"]
  revision = "c194ff118b679de1f8ace1a8104b243c14e9562b"

[[projects]]
  name = "github.com/gorilla/context"
  packages = ["."]
  revision = "1ea25387ff6f684839d82767c1733ff4d4d15d0a"
  version = "v1.1"

[[projects]]
  name = "github.com/gorilla/mux"
  packages = ["."]
  revision = "392c28fe23e1c45ddba891b0320b3b5df220beea"
  version = "v1.3.0"

[solve-meta]
  analyzer-name = "dep"
  analyzer-version = 1
  inputs-digest = "3360ed62e5e4566bf98b5fedd46cbb658c2030cfcefa074ae15669d277faf978"
  solver-name = "gps-cdcl"
  solver-version = 1
